
Microsoft Visual Studio Solution File, Format Version 12.00
# Visual Studio Version 16
VisualStudioVersion = 16.0.34601.136
MinimumVisualStudioVersion = 10.0.40219.1
Project("{8BC9CEB8-8B4A-11D0-8D11-00A0C91BC942}") = "FileMonitorMiniFilter", "FileMonitorMiniFilter\FileMonitorMiniFilter.vcxproj", "{D06A8EF1-B8C2-49F0-B8D5-A348FB61D96F}"
EndProject
Project("{8BC9CEB8-8B4A-11D0-8D11-00A0C91BC942}") = "ControlFilterApp", "ControlFilterApp\ControlFilterApp.vcxproj", "{7B4FA9BB-61C6-4C27-B5D9-DEDEBCE4F791}"
EndProject
Project("{8BC9CEB8-8B4A-11D0-8D11-00A0C91BC942}") = "TheCYaraAgent", "TheCYaraAgent\TheCYaraAgent.vcxproj", "{0C41F51F-2D8A-4BBE-BF15-0C693E73A4C3}"
EndProject
Global
	GlobalSection(SolutionConfigurationPlatforms) = preSolution
		Debug|ARM = Debug|ARM
		Debug|ARM64 = Debug|ARM64
		Debug|x64 = Debug|x64
		Debug|x86 = Debug|x86
		omar|ARM = omar|ARM
		omar|ARM64 = omar|ARM64
		omar|x64 = omar|x64
		omar|x86 = omar|x86
		Release|ARM = Release|ARM
		Release|ARM64 = Release|ARM64
		Release|x64 = Release|x64
		Release|x86 = Release|x86
	EndGlobalSection
	GlobalSection(ProjectConfigurationPlatforms) = postSolution
		{D06A8EF1-B8C2-49F0-B8D5-A348FB61D96F}.Debug|ARM.ActiveCfg = Debug|ARM
		{D06A8EF1-B8C2-49F0-B8D5-A348FB61D96F}.Debug|ARM.Build.0 = Debug|ARM
		{D06A8EF1-B8C2-49F0-B8D5-A348FB61D96F}.Debug|ARM.Deploy.0 = Debug|ARM
		{D06A8EF1-B8C2-49F0-B8D5-A348FB61D96F}.Debug|ARM64.ActiveCfg = Debug|ARM64
		{D06A8EF1-B8C2-49F0-B8D5-A348FB61D96F}.Debug|ARM64.Build.0 = Debug|ARM64
		{D06A8EF1-B8C2-49F0-B8D5-A348FB61D96F}.Debug|ARM64.Deploy.0 = Debug|ARM64
		{D06A8EF1-B8C2-49F0-B8D5-A348FB61D96F}.Debug|x64.ActiveCfg = Debug|x64
		{D06A8EF1-B8C2-49F0-B8D5-A348FB61D96F}.Debug|x64.Build.0 = Debug|x64
		{D06A8EF1-B8C2-49F0-B8D5-A348FB61D96F}.Debug|x64.Deploy.0 = Debug|x64
		{D06A8EF1-B8C2-49F0-B8D5-A348FB61D96F}.Debug|x86.ActiveCfg = Debug|Win32
		{D06A8EF1-B8C2-49F0-B8D5-A348FB61D96F}.Debug|x86.Build.0 = Debug|Win32
		{D06A8EF1-B8C2-49F0-B8D5-A348FB61D96F}.Debug|x86.Deploy.0 = Debug|Win32
		{D06A8EF1-B8C2-49F0-B8D5-A348FB61D96F}.omar|ARM.ActiveCfg = omar|ARM
		{D06A8EF1-B8C2-49F0-B8D5-A348FB61D96F}.omar|ARM.Build.0 = omar|ARM
		{D06A8EF1-B8C2-49F0-B8D5-A348FB61D96F}.omar|ARM.Deploy.0 = omar|ARM
		{D06A8EF1-B8C2-49F0-B8D5-A348FB61D96F}.omar|ARM64.ActiveCfg = omar|ARM64
		{D06A8EF1-B8C2-49F0-B8D5-A348FB61D96F}.omar|ARM64.Build.0 = omar|ARM64
		{D06A8EF1-B8C2-49F0-B8D5-A348FB61D96F}.omar|ARM64.Deploy.0 = omar|ARM64
		{D06A8EF1-B8C2-49F0-B8D5-A348FB61D96F}.omar|x64.ActiveCfg = omar|x64
		{D06A8EF1-B8C2-49F0-B8D5-A348FB61D96F}.omar|x64.Build.0 = omar|x64
		{D06A8EF1-B8C2-49F0-B8D5-A348FB61D96F}.omar|x64.Deploy.0 = omar|x64
		{D06A8EF1-B8C2-49F0-B8D5-A348FB61D96F}.omar|x86.ActiveCfg = omar|Win32
		{D06A8EF1-B8C2-49F0-B8D5-A348FB61D96F}.omar|x86.Build.0 = omar|Win32
		{D06A8EF1-B8C2-49F0-B8D5-A348FB61D96F}.omar|x86.Deploy.0 = omar|Win32
		{D06A8EF1-B8C2-49F0-B8D5-A348FB61D96F}.Release|ARM.ActiveCfg = Release|ARM
		{D06A8EF1-B8C2-49F0-B8D5-A348FB61D96F}.Release|ARM.Build.0 = Release|ARM
		{D06A8EF1-B8C2-49F0-B8D5-A348FB61D96F}.Release|ARM.Deploy.0 = Release|ARM
		{D06A8EF1-B8C2-49F0-B8D5-A348FB61D96F}.Release|ARM64.ActiveCfg = Release|ARM64
		{D06A8EF1-B8C2-49F0-B8D5-A348FB61D96F}.Release|ARM64.Build.0 = Release|ARM64
		{D06A8EF1-B8C2-49F0-B8D5-A348FB61D96F}.Release|ARM64.Deploy.0 = Release|ARM64
		{D06A8EF1-B8C2-49F0-B8D5-A348FB61D96F}.Release|x64.ActiveCfg = Release|x64
		{D06A8EF1-B8C2-49F0-B8D5-A348FB61D96F}.Release|x64.Build.0 = Release|x64
		{D06A8EF1-B8C2-49F0-B8D5-A348FB61D96F}.Release|x64.Deploy.0 = Release|x64
		{D06A8EF1-B8C2-49F0-B8D5-A348FB61D96F}.Release|x86.ActiveCfg = Release|Win32
		{D06A8EF1-B8C2-49F0-B8D5-A348FB61D96F}.Release|x86.Build.0 = Release|Win32
		{D06A8EF1-B8C2-49F0-B8D5-A348FB61D96F}.Release|x86.Deploy.0 = Release|Win32
		{7B4FA9BB-61C6-4C27-B5D9-DEDEBCE4F791}.Debug|ARM.ActiveCfg = Debug|Win32
		{7B4FA9BB-61C6-4C27-B5D9-DEDEBCE4F791}.Debug|ARM64.ActiveCfg = Debug|Win32
		{7B4FA9BB-61C6-4C27-B5D9-DEDEBCE4F791}.Debug|x64.ActiveCfg = Debug|x64
		{7B4FA9BB-61C6-4C27-B5D9-DEDEBCE4F791}.Debug|x64.Build.0 = Debug|x64
		{7B4FA9BB-61C6-4C27-B5D9-DEDEBCE4F791}.Debug|x86.ActiveCfg = Debug|Win32
		{7B4FA9BB-61C6-4C27-B5D9-DEDEBCE4F791}.Debug|x86.Build.0 = Debug|Win32
		{7B4FA9BB-61C6-4C27-B5D9-DEDEBCE4F791}.omar|ARM.ActiveCfg = Debug|Win32
		{7B4FA9BB-61C6-4C27-B5D9-DEDEBCE4F791}.omar|ARM.Build.0 = Debug|Win32
		{7B4FA9BB-61C6-4C27-B5D9-DEDEBCE4F791}.omar|ARM64.ActiveCfg = Debug|Win32
		{7B4FA9BB-61C6-4C27-B5D9-DEDEBCE4F791}.omar|ARM64.Build.0 = Debug|Win32
		{7B4FA9BB-61C6-4C27-B5D9-DEDEBCE4F791}.omar|x64.ActiveCfg = Debug|x64
		{7B4FA9BB-61C6-4C27-B5D9-DEDEBCE4F791}.omar|x64.Build.0 = Debug|x64
		{7B4FA9BB-61C6-4C27-B5D9-DEDEBCE4F791}.omar|x86.ActiveCfg = Debug|Win32
		{7B4FA9BB-61C6-4C27-B5D9-DEDEBCE4F791}.omar|x86.Build.0 = Debug|Win32
		{7B4FA9BB-61C6-4C27-B5D9-DEDEBCE4F791}.Release|ARM.ActiveCfg = Release|Win32
		{7B4FA9BB-61C6-4C27-B5D9-DEDEBCE4F791}.Release|ARM64.ActiveCfg = Release|Win32
		{7B4FA9BB-61C6-4C27-B5D9-DEDEBCE4F791}.Release|x64.ActiveCfg = Release|x64
		{7B4FA9BB-61C6-4C27-B5D9-DEDEBCE4F791}.Release|x64.Build.0 = Release|x64
		{7B4FA9BB-61C6-4C27-B5D9-DEDEBCE4F791}.Release|x86.ActiveCfg = Release|Win32
		{7B4FA9BB-61C6-4C27-B5D9-DEDEBCE4F791}.Release|x86.Build.0 = Release|Win32
		{0C41F51F-2D8A-4BBE-BF15-0C693E73A4C3}.Debug|ARM.ActiveCfg = Debug|Win32
		{0C41F51F-2D8A-4BBE-BF15-0C693E73A4C3}.Debug|ARM64.ActiveCfg = Debug|Win32
		{0C41F51F-2D8A-4BBE-BF15-0C693E73A4C3}.Debug|x64.ActiveCfg = Debug|x64
		{0C41F51F-2D8A-4BBE-BF15-0C693E73A4C3}.Debug|x64.Build.0 = Debug|x64
		{0C41F51F-2D8A-4BBE-BF15-0C693E73A4C3}.Debug|x86.ActiveCfg = Debug|Win32
		{0C41F51F-2D8A-4BBE-BF15-0C693E73A4C3}.Debug|x86.Build.0 = Debug|Win32
		{0C41F51F-2D8A-4BBE-BF15-0C693E73A4C3}.omar|ARM.ActiveCfg = Debug|Win32
		{0C41F51F-2D8A-4BBE-BF15-0C693E73A4C3}.omar|ARM.Build.0 = Debug|Win32
		{0C41F51F-2D8A-4BBE-BF15-0C693E73A4C3}.omar|ARM64.ActiveCfg = Debug|Win32
		{0C41F51F-2D8A-4BBE-BF15-0C693E73A4C3}.omar|ARM64.Build.0 = Debug|Win32
		{0C41F51F-2D8A-4BBE-BF15-0C693E73A4C3}.omar|x64.ActiveCfg = Debug|x64
		{0C41F51F-2D8A-4BBE-BF15-0C693E73A4C3}.omar|x64.Build.0 = Debug|x64
		{0C41F51F-2D8A-4BBE-BF15-0C693E73A4C3}.omar|x86.ActiveCfg = Debug|Win32
		{0C41F51F-2D8A-4BBE-BF15-0C693E73A4C3}.omar|x86.Build.0 = Debug|Win32
		{0C41F51F-2D8A-4BBE-BF15-0C693E73A4C3}.Release|ARM.ActiveCfg = Release|Win32
		{0C41F51F-2D8A-4BBE-BF15-0C693E73A4C3}.Release|ARM64.ActiveCfg = Release|Win32
		{0C41F51F-2D8A-4BBE-BF15-0C693E73A4C3}.Release|x64.ActiveCfg = Release|x64
		{0C41F51F-2D8A-4BBE-BF15-0C693E73A4C3}.Release|x64.Build.0 = Release|x64
		{0C41F51F-2D8A-4BBE-BF15-0C693E73A4C3}.Release|x86.ActiveCfg = Release|Win32
		{0C41F51F-2D8A-4BBE-BF15-0C693E73A4C3}.Release|x86.Build.0 = Release|Win32
	EndGlobalSection
	GlobalSection(SolutionProperties) = preSolution
		HideSolutionNode = FALSE
	EndGlobalSection
	GlobalSection(ExtensibilityGlobals) = postSolution
		SolutionGuid = {302A6F8C-7D82-4E88-9227-B4F1E5AD503C}
	EndGlobalSection
EndGlobal
